schema: '2.0'
stages:
  preprocess:
    cmd: python scripts/preprocessing.py
    deps:
    - path: data_dvc/raw_data/MachineLearningRating_v3.csv
      hash: md5
      md5: 9cb05678a90638276a516a0cd1670ebd
      size: 527313989
    - path: scripts/preprocessing.py
      hash: md5
      md5: 48cafc4fa86dcefae18cfa405d8a7c7b
      size: 3291
    params:
      params.yaml:
        drop_empty_column: true
        initial_processing: true
    outs:
    - path: data_dvc/preprocessed
      hash: md5
      md5: cb731f62344bc595324e13b80c9c98a9.dir
      size: 518370674
      nfiles: 1
